// !$*UTF8*$!
{
	archiveVersion = 1;
	classes = {
	};
	objectVersion = 77;
	objects = {

/* Begin PBXBuildFile section */
		98491C4B2D004FC500CF89FE /* TSLAsciiCommands.framework in Frameworks */ = {isa = PBXBuildFile; fileRef = 98C4E3082D00419800F1A36A /* TSLAsciiCommands.framework */; };
		98491C4C2D004FC500CF89FE /* TSLAsciiCommands.framework in Embed Frameworks */ = {isa = PBXBuildFile; fileRef = 98C4E3082D00419800F1A36A /* TSLAsciiCommands.framework */; settings = {ATTRIBUTES = (CodeSignOnCopy, RemoveHeadersOnCopy, ); }; };
		98491C4F2D00500F00CF89FE /* TSLAsciiCommands.xcframework in Frameworks */ = {isa = PBXBuildFile; fileRef = 98491C4E2D00500F00CF89FE /* TSLAsciiCommands.xcframework */; };
		98491C502D00500F00CF89FE /* TSLAsciiCommands.xcframework in Embed Frameworks */ = {isa = PBXBuildFile; fileRef = 98491C4E2D00500F00CF89FE /* TSLAsciiCommands.xcframework */; settings = {ATTRIBUTES = (CodeSignOnCopy, RemoveHeadersOnCopy, ); }; };
/* End PBXBuildFile section */

/* Begin PBXContainerItemProxy section */
		98C4E2EA2D00409A00F1A36A /* PBXContainerItemProxy */ = {
			isa = PBXContainerItemProxy;
			containerPortal = 98C4E2CB2D00409800F1A36A /* Project object */;
			proxyType = 1;
			remoteGlobalIDString = 98C4E2D22D00409800F1A36A;
			remoteInfo = TSLReader;
		};
		98C4E2F42D00409A00F1A36A /* PBXContainerItemProxy */ = {
			isa = PBXContainerItemProxy;
			containerPortal = 98C4E2CB2D00409800F1A36A /* Project object */;
			proxyType = 1;
			remoteGlobalIDString = 98C4E2D22D00409800F1A36A;
			remoteInfo = TSLReader;
		};
/* End PBXContainerItemProxy section */

/* Begin PBXCopyFilesBuildPhase section */
		98491C4D2D004FC500CF89FE /* Embed Frameworks */ = {
			isa = PBXCopyFilesBuildPhase;
			buildActionMask = 2147483647;
			dstPath = "";
			dstSubfolderSpec = 10;
			files = (
				98491C4C2D004FC500CF89FE /* TSLAsciiCommands.framework in Embed Frameworks */,
				98491C502D00500F00CF89FE /* TSLAsciiCommands.xcframework in Embed Frameworks */,
			);
			name = "Embed Frameworks";
			runOnlyForDeploymentPostprocessing = 0;
		};
/* End PBXCopyFilesBuildPhase section */

/* Begin PBXFileReference section */
		98491C4E2D00500F00CF89FE /* TSLAsciiCommands.xcframework */ = {isa = PBXFileReference; lastKnownFileType = wrapper.xcframework; name = TSLAsciiCommands.xcframework; path = "../../Documents/SdpOD_TSL_RFID_SDK/TSL UHF ASCII 2.0 SDK v1.6.1/TSLAsciiCommands.xcframework"; sourceTree = "<group>"; };
		98C4E2D32D00409800F1A36A /* TSLReader.app */ = {isa = PBXFileReference; explicitFileType = wrapper.application; includeInIndex = 0; path = TSLReader.app; sourceTree = BUILT_PRODUCTS_DIR; };
		98C4E2E92D00409A00F1A36A /* TSLReaderTests.xctest */ = {isa = PBXFileReference; explicitFileType = wrapper.cfbundle; includeInIndex = 0; path = TSLReaderTests.xctest; sourceTree = BUILT_PRODUCTS_DIR; };
		98C4E2F32D00409A00F1A36A /* TSLReaderUITests.xctest */ = {isa = PBXFileReference; explicitFileType = wrapper.cfbundle; includeInIndex = 0; path = TSLReaderUITests.xctest; sourceTree = BUILT_PRODUCTS_DIR; };
		98C4E3082D00419800F1A36A /* TSLAsciiCommands.framework */ = {isa = PBXFileReference; lastKnownFileType = wrapper.framework; name = TSLAsciiCommands.framework; path = "../../Documents/SdpOD_TSL_RFID_SDK/TSL UHF ASCII 2.0 SDK v1.6.1/TSLAsciiCommands.framework"; sourceTree = "<group>"; };
/* End PBXFileReference section */

/* Begin PBXFileSystemSynchronizedBuildFileExceptionSet section */
		98C4E2FB2D00409A00F1A36A /* Exceptions for "TSLReader" folder in "TSLReader" target */ = {
			isa = PBXFileSystemSynchronizedBuildFileExceptionSet;
			membershipExceptions = (
				Info.plist,
			);
			target = 98C4E2D22D00409800F1A36A /* TSLReader */;
		};
/* End PBXFileSystemSynchronizedBuildFileExceptionSet section */

/* Begin PBXFileSystemSynchronizedRootGroup section */
		98C4E2D52D00409800F1A36A /* TSLReader */ = {
			isa = PBXFileSystemSynchronizedRootGroup;
			exceptions = (
				98C4E2FB2D00409A00F1A36A /* Exceptions for "TSLReader" folder in "TSLReader" target */,
			);
			path = TSLReader;
			sourceTree = "<group>";
		};
		98C4E2EC2D00409A00F1A36A /* TSLReaderTests */ = {
			isa = PBXFileSystemSynchronizedRootGroup;
			path = TSLReaderTests;
			sourceTree = "<group>";
		};
		98C4E2F62D00409A00F1A36A /* TSLReaderUITests */ = {
			isa = PBXFileSystemSynchronizedRootGroup;
			path = TSLReaderUITests;
			sourceTree = "<group>";
		};
/* End PBXFileSystemSynchronizedRootGroup section */

/* Begin PBXFrameworksBuildPhase section */
		98C4E2D02D00409800F1A36A /* Frameworks */ = {
			isa = PBXFrameworksBuildPhase;
			buildActionMask = 2147483647;
			files = (
				98491C4B2D004FC500CF89FE /* TSLAsciiCommands.framework in Frameworks */,
				98491C4F2D00500F00CF89FE /* TSLAsciiCommands.xcframework in Frameworks */,
			);
			runOnlyForDeploymentPostprocessing = 0;
		};
		98C4E2E62D00409A00F1A36A /* Frameworks */ = {
			isa = PBXFrameworksBuildPhase;
			buildActionMask = 2147483647;
			files = (
			);
			runOnlyForDeploymentPostprocessing = 0;
		};
		98C4E2F02D00409A00F1A36A /* Frameworks */ = {
			isa = PBXFrameworksBuildPhase;
			buildActionMask = 2147483647;
			files = (
			);
			runOnlyForDeploymentPostprocessing = 0;
		};
/* End PBXFrameworksBuildPhase section */

/* Begin PBXGroup section */
		98C4E2CA2D00409800F1A36A = {
			isa = PBXGroup;
			children = (
				98C4E2D52D00409800F1A36A /* TSLReader */,
				98C4E2EC2D00409A00F1A36A /* TSLReaderTests */,
				98C4E2F62D00409A00F1A36A /* TSLReaderUITests */,
				98C4E3072D00419200F1A36A /* Frameworks */,
				98C4E2D42D00409800F1A36A /* Products */,
			);
			sourceTree = "<group>";
		};
		98C4E2D42D00409800F1A36A /* Products */ = {
			isa = PBXGroup;
			children = (
				98C4E2D32D00409800F1A36A /* TSLReader.app */,
				98C4E2E92D00409A00F1A36A /* TSLReaderTests.xctest */,
				98C4E2F32D00409A00F1A36A /* TSLReaderUITests.xctest */,
			);
			name = Products;
			sourceTree = "<group>";
		};
		98C4E3072D00419200F1A36A /* Frameworks */ = {
			isa = PBXGroup;
			children = (
				98491C4E2D00500F00CF89FE /* TSLAsciiCommands.xcframework */,
				98C4E3082D00419800F1A36A /* TSLAsciiCommands.framework */,
			);
			name = Frameworks;
			sourceTree = "<group>";
		};
/* End PBXGroup section */

/* Begin PBXNativeTarget section */
		98C4E2D22D00409800F1A36A /* TSLReader */ = {
			isa = PBXNativeTarget;
			buildConfigurationList = 98C4E2FC2D00409A00F1A36A /* Build configuration list for PBXNativeTarget "TSLReader" */;
			buildPhases = (
				98C4E2CF2D00409800F1A36A /* Sources */,
				98C4E2D02D00409800F1A36A /* Frameworks */,
				98C4E2D12D00409800F1A36A /* Resources */,
				98491C4D2D004FC500CF89FE /* Embed Frameworks */,
			);
			buildRules = (
			);
			dependencies = (
			);
			fileSystemSynchronizedGroups = (
				98C4E2D52D00409800F1A36A /* TSLReader */,
			);
			name = TSLReader;
			packageProductDependencies = (
			);
			productName = TSLReader;
			productReference = 98C4E2D32D00409800F1A36A /* TSLReader.app */;
			productType = "com.apple.product-type.application";
		};
		98C4E2E82D00409A00F1A36A /* TSLReaderTests */ = {
			isa = PBXNativeTarget;
			buildConfigurationList = 98C4E3012D00409A00F1A36A /* Build configuration list for PBXNativeTarget "TSLReaderTests" */;
			buildPhases = (
				98C4E2E52D00409A00F1A36A /* Sources */,
				98C4E2E62D00409A00F1A36A /* Frameworks */,
				98C4E2E72D00409A00F1A36A /* Resources */,
			);
			buildRules = (
			);
			dependencies = (
				98C4E2EB2D00409A00F1A36A /* PBXTargetDependency */,
			);
			fileSystemSynchronizedGroups = (
				98C4E2EC2D00409A00F1A36A /* TSLReaderTests */,
			);
			name = TSLReaderTests;
			packageProductDependencies = (
			);
			productName = TSLReaderTests;
			productReference = 98C4E2E92D00409A00F1A36A /* TSLReaderTests.xctest */;
			productType = "com.apple.product-type.bundle.unit-test";
		};
		98C4E2F22D00409A00F1A36A /* TSLReaderUITests */ = {
			isa = PBXNativeTarget;
			buildConfigurationList = 98C4E3042D00409A00F1A36A /* Build configuration list for PBXNativeTarget "TSLReaderUITests" */;
			buildPhases = (
				98C4E2EF2D00409A00F1A36A /* Sources */,
				98C4E2F02D00409A00F1A36A /* Frameworks */,
				98C4E2F12D00409A00F1A36A /* Resources */,
			);
			buildRules = (
			);
			dependencies = (
				98C4E2F52D00409A00F1A36A /* PBXTargetDependency */,
			);
			fileSystemSynchronizedGroups = (
				98C4E2F62D00409A00F1A36A /* TSLReaderUITests */,
			);
			name = TSLReaderUITests;
			packageProductDependencies = (
			);
			productName = TSLReaderUITests;
			productReference = 98C4E2F32D00409A00F1A36A /* TSLReaderUITests.xctest */;
			productType = "com.apple.product-type.bundle.ui-testing";
		};
/* End PBXNativeTarget section */

/* Begin PBXProject section */
		98C4E2CB2D00409800F1A36A /* Project object */ = {
			isa = PBXProject;
			attributes = {
				BuildIndependentTargetsInParallel = 1;
				LastSwiftUpdateCheck = 1610;
				LastUpgradeCheck = 1610;
				TargetAttributes = {
					98C4E2D22D00409800F1A36A = {
						CreatedOnToolsVersion = 16.1;
					};
					98C4E2E82D00409A00F1A36A = {
						CreatedOnToolsVersion = 16.1;
						TestTargetID = 98C4E2D22D00409800F1A36A;
					};
					98C4E2F22D00409A00F1A36A = {
						CreatedOnToolsVersion = 16.1;
						TestTargetID = 98C4E2D22D00409800F1A36A;
					};
				};
			};
			buildConfigurationList = 98C4E2CE2D00409800F1A36A /* Build configuration list for PBXProject "TSLReader" */;
			developmentRegion = en;
			hasScannedForEncodings = 0;
			knownRegions = (
				en,
				Base,
			);
			mainGroup = 98C4E2CA2D00409800F1A36A;
			minimizedProjectReferenceProxies = 1;
			preferredProjectObjectVersion = 77;
			productRefGroup = 98C4E2D42D00409800F1A36A /* Products */;
			projectDirPath = "";
			projectRoot = "";
			targets = (
				98C4E2D22D00409800F1A36A /* TSLReader */,
				98C4E2E82D00409A00F1A36A /* TSLReaderTests */,
				98C4E2F22D00409A00F1A36A /* TSLReaderUITests */,
			);
		};
/* End PBXProject section */

/* Begin PBXResourcesBuildPhase section */
		98C4E2D12D00409800F1A36A /* Resources */ = {
			isa = PBXResourcesBuildPhase;
			buildActionMask = 2147483647;
			files = (
			);
			runOnlyForDeploymentPostprocessing = 0;
		};
		98C4E2E72D00409A00F1A36A /* Resources */ = {
			isa = PBXResourcesBuildPhase;
			buildActionMask = 2147483647;
			files = (
			);
			runOnlyForDeploymentPostprocessing = 0;
		};
		98C4E2F12D00409A00F1A36A /* Resources */ = {
			isa = PBXResourcesBuildPhase;
			buildActionMask = 2147483647;
			files = (
			);
			runOnlyForDeploymentPostprocessing = 0;
		};
/* End PBXResourcesBuildPhase section */

/* Begin PBXSourcesBuildPhase section */
		98C4E2CF2D00409800F1A36A /* Sources */ = {
			isa = PBXSourcesBuildPhase;
			buildActionMask = 2147483647;
			files = (
			);
			runOnlyForDeploymentPostprocessing = 0;
		};
		98C4E2E52D00409A00F1A36A /* Sources */ = {
			isa = PBXSourcesBuildPhase;
			buildActionMask = 2147483647;
			files = (
			);
			runOnlyForDeploymentPostprocessing = 0;
		};
		98C4E2EF2D00409A00F1A36A /* Sources */ = {
			isa = PBXSourcesBuildPhase;
			buildActionMask = 2147483647;
			files = (
			);
			runOnlyForDeploymentPostprocessing = 0;
		};
/* End PBXSourcesBuildPhase section */

/* Begin PBXTargetDependency section */
		98C4E2EB2D00409A00F1A36A /* PBXTargetDependency */ = {
			isa = PBXTargetDependency;
			target = 98C4E2D22D00409800F1A36A /* TSLReader */;
			targetProxy = 98C4E2EA2D00409A00F1A36A /* PBXContainerItemProxy */;
		};
		98C4E2F52D00409A00F1A36A /* PBXTargetDependency */ = {
			isa = PBXTargetDependency;
			target = 98C4E2D22D00409800F1A36A /* TSLReader */;
			targetProxy = 98C4E2F42D00409A00F1A36A /* PBXContainerItemProxy */;
		};
/* End PBXTargetDependency section */

/* Begin XCBuildConfiguration section */
		98C4E2FD2D00409A00F1A36A /* Debug */ = {
			isa = XCBuildConfiguration;
			buildSettings = {
				ASSETCATALOG_COMPILER_APPICON_NAME = AppIcon;
				ASSETCATALOG_COMPILER_GLOBAL_ACCENT_COLOR_NAME = AccentColor;
				CODE_SIGN_STYLE = Automatic;
				CURRENT_PROJECT_VERSION = 1;
				GENERATE_INFOPLIST_FILE = YES;
				INFOPLIST_FILE = TSLReader/Info.plist;
				INFOPLIST_KEY_NSBluetoothAlwaysUsageDescription = "";
				INFOPLIST_KEY_NSBluetoothPeripheralUsageDescription = "";
				INFOPLIST_KEY_UIApplicationSupportsIndirectInputEvents = YES;
				INFOPLIST_KEY_UILaunchStoryboardName = LaunchScreen;
				INFOPLIST_KEY_UIMainStoryboardFile = Main;
				INFOPLIST_KEY_UISupportedInterfaceOrientations_iPad = "UIInterfaceOrientationPortrait UIInterfaceOrientationPortraitUpsideDown UIInterfaceOrientationLandscapeLeft UIInterfaceOrientationLandscapeRight";
				INFOPLIST_KEY_UISupportedInterfaceOrientations_iPhone = "UIInterfaceOrientationPortrait UIInterfaceOrientationLandscapeLeft UIInterfaceOrientationLandscapeRight";
				LD_RUNPATH_SEARCH_PATHS = (
					"$(inherited)",
					"@executable_path/Frameworks",
				);
				MARKETING_VERSION = 1.0;
				PRODUCT_BUNDLE_IDENTIFIER = test.TSLReader;
				PRODUCT_NAME = "$(TARGET_NAME)";
				SWIFT_EMIT_LOC_STRINGS = YES;
				SWIFT_VERSION = 5.0;
				TARGETED_DEVICE_FAMILY = "1,2";
			};
			name = Debug;
		};
		98C4E2FE2D00409A00F1A36A /* Release */ = {
			isa = XCBuildConfiguration;
			buildSettings = {
				ASSETCATALOG_COMPILER_APPICON_NAME = AppIcon;
				ASSETCATALOG_COMPILER_GLOBAL_ACCENT_COLOR_NAME = AccentColor;
				CODE_SIGN_STYLE = Automatic;
				CURRENT_PROJECT_VERSION = 1;
				GENERATE_INFOPLIST_FILE = YES;
				INFOPLIST_FILE = TSLReader/Info.plist;
				INFOPLIST_KEY_NSBluetoothAlwaysUsageDescription = "";
				INFOPLIST_KEY_NSBluetoothPeripheralUsageDescription = "";
				INFOPLIST_KEY_UIApplicationSupportsIndirectInputEvents = YES;
				INFOPLIST_KEY_UILaunchStoryboardName = LaunchScreen;
				INFOPLIST_KEY_UIMainStoryboardFile = Main;
				INFOPLIST_KEY_UISupportedInterfaceOrientations_iPad = "UIInterfaceOrientationPortrait UIInterfaceOrientationPortraitUpsideDown UIInterfaceOrientationLandscapeLeft UIInterfaceOrientationLandscapeRight";
				INFOPLIST_KEY_UISupportedInterfaceOrientations_iPhone = "UIInterfaceOrientationPortrait UIInterfaceOrientationLandscapeLeft UIInterfaceOrientationLandscapeRight";
				LD_RUNPATH_SEARCH_PATHS = (
					"$(inherited)",
					"@executable_path/Frameworks",
				);
				MARKETING_VERSION = 1.0;
				PRODUCT_BUNDLE_IDENTIFIER = test.TSLReader;
				PRODUCT_NAME = "$(TARGET_NAME)";
				SWIFT_EMIT_LOC_STRINGS = YES;
				SWIFT_VERSION = 5.0;
				TARGETED_DEVICE_FAMILY = "1,2";
			};
			name = Release;
		};
		98C4E2FF2D00409A00F1A36A /* Debug */ = {
			isa = XCBuildConfiguration;
			buildSettings = {
				ALWAYS_SEARCH_USER_PATHS = NO;
				ASSETCATALOG_COMPILER_GENERATE_SWIFT_ASSET_SYMBOL_EXTENSIONS = YES;
				CLANG_ANALYZER_NONNULL = YES;
				CLANG_ANALYZER_NUMBER_OBJECT_CONVERSION = YES_AGGRESSIVE;
				CLANG_CXX_LANGUAGE_STANDARD = "gnu++20";
				CLANG_ENABLE_MODULES = YES;
				CLANG_ENABLE_OBJC_ARC = YES;
				CLANG_ENABLE_OBJC_WEAK = YES;
				CLANG_WARN_BLOCK_CAPTURE_AUTORELEASING = YES;
				CLANG_WARN_BOOL_CONVERSION = YES;
				CLANG_WARN_COMMA = YES;
				CLANG_WARN_CONSTANT_CONVERSION = YES;
				CLANG_WARN_DEPRECATED_OBJC_IMPLEMENTATIONS = YES;
				CLANG_WARN_DIRECT_OBJC_ISA_USAGE = YES_ERROR;
				CLANG_WARN_DOCUMENTATION_COMMENTS = YES;
				CLANG_WARN_EMPTY_BODY = YES;
				CLANG_WARN_ENUM_CONVERSION = YES;
				CLANG_WARN_INFINITE_RECURSION = YES;
				CLANG_WARN_INT_CONVERSION = YES;
				CLANG_WARN_NON_LITERAL_NULL_CONVERSION = YES;
				CLANG_WARN_OBJC_IMPLICIT_RETAIN_SELF = YES;
				CLANG_WARN_OBJC_LITERAL_CONVERSION = YES;
				CLANG_WARN_OBJC_ROOT_CLASS = YES_ERROR;
				CLANG_WARN_QUOTED_INCLUDE_IN_FRAMEWORK_HEADER = YES;
				CLANG_WARN_RANGE_LOOP_ANALYSIS = YES;
				CLANG_WARN_STRICT_PROTOTYPES = YES;
				CLANG_WARN_SUSPICIOUS_MOVE = YES;
				CLANG_WARN_UNGUARDED_AVAILABILITY = YES_AGGRESSIVE;
				CLANG_WARN_UNREACHABLE_CODE = YES;
				CLANG_WARN__DUPLICATE_METHOD_MATCH = YES;
				COPY_PHASE_STRIP = NO;
				DEBUG_INFORMATION_FORMAT = dwarf;
				ENABLE_STRICT_OBJC_MSGSEND = YES;
				ENABLE_TESTABILITY = YES;
				ENABLE_USER_SCRIPT_SANDBOXING = YES;
				GCC_C_LANGUAGE_STANDARD = gnu17;
				GCC_DYNAMIC_NO_PIC = NO;
				GCC_NO_COMMON_BLOCKS = YES;
				GCC_OPTIMIZATION_LEVEL = 0;
				GCC_PREPROCESSOR_DEFINITIONS = (
					"DEBUG=1",
					"$(inherited)",
				);
				GCC_WARN_64_TO_32_BIT_CONVERSION = YES;
				GCC_WARN_ABOUT_RETURN_TYPE = YES_ERROR;
				GCC_WARN_UNDECLARED_SELECTOR = YES;
				GCC_WARN_UNINITIALIZED_AUTOS = YES_AGGRESSIVE;
				GCC_WARN_UNUSED_FUNCTION = YES;
				GCC_WARN_UNUSED_VARIABLE = YES;
				IPHONEOS_DEPLOYMENT_TARGET = 18.1;
				LOCALIZATION_PREFERS_STRING_CATALOGS = YES;
				MTL_ENABLE_DEBUG_INFO = INCLUDE_SOURCE;
				MTL_FAST_MATH = YES;
				ONLY_ACTIVE_ARCH = YES;
				SDKROOT = iphoneos;
				SWIFT_ACTIVE_COMPILATION_CONDITIONS = "DEBUG $(inherited)";
				SWIFT_OPTIMIZATION_LEVEL = "-Onone";
			};
			name = Debug;
		};
		98C4E3002D00409A00F1A36A /* Release */ = {
			isa = XCBuildConfiguration;
			buildSettings = {
				ALWAYS_SEARCH_USER_PATHS = NO;
				ASSETCATALOG_COMPILER_GENERATE_SWIFT_ASSET_SYMBOL_EXTENSIONS = YES;
				CLANG_ANALYZER_NONNULL = YES;
				CLANG_ANALYZER_NUMBER_OBJECT_CONVERSION = YES_AGGRESSIVE;
				CLANG_CXX_LANGUAGE_STANDARD = "gnu++20";
				CLANG_ENABLE_MODULES = YES;
				CLANG_ENABLE_OBJC_ARC = YES;
				CLANG_ENABLE_OBJC_WEAK = YES;
				CLANG_WARN_BLOCK_CAPTURE_AUTORELEASING = YES;
				CLANG_WARN_BOOL_CONVERSION = YES;
				CLANG_WARN_COMMA = YES;
				CLANG_WARN_CONSTANT_CONVERSION = YES;
				CLANG_WARN_DEPRECATED_OBJC_IMPLEMENTATIONS = YES;
				CLANG_WARN_DIRECT_OBJC_ISA_USAGE = YES_ERROR;
				CLANG_WARN_DOCUMENTATION_COMMENTS = YES;
				CLANG_WARN_EMPTY_BODY = YES;
				CLANG_WARN_ENUM_CONVERSION = YES;
				CLANG_WARN_INFINITE_RECURSION = YES;
				CLANG_WARN_INT_CONVERSION = YES;
				CLANG_WARN_NON_LITERAL_NULL_CONVERSION = YES;
				CLANG_WARN_OBJC_IMPLICIT_RETAIN_SELF = YES;
				CLANG_WARN_OBJC_LITERAL_CONVERSION = YES;
				CLANG_WARN_OBJC_ROOT_CLASS = YES_ERROR;
				CLANG_WARN_QUOTED_INCLUDE_IN_FRAMEWORK_HEADER = YES;
				CLANG_WARN_RANGE_LOOP_ANALYSIS = YES;
				CLANG_WARN_STRICT_PROTOTYPES = YES;
				CLANG_WARN_SUSPICIOUS_MOVE = YES;
				CLANG_WARN_UNGUARDED_AVAILABILITY = YES_AGGRESSIVE;
				CLANG_WARN_UNREACHABLE_CODE = YES;
				CLANG_WARN__DUPLICATE_METHOD_MATCH = YES;
				COPY_PHASE_STRIP = NO;
				DEBUG_INFORMATION_FORMAT = "dwarf-with-dsym";
				ENABLE_NS_ASSERTIONS = NO;
				ENABLE_STRICT_OBJC_MSGSEND = YES;
				ENABLE_USER_SCRIPT_SANDBOXING = YES;
				GCC_C_LANGUAGE_STANDARD = gnu17;
				GCC_NO_COMMON_BLOCKS = YES;
				GCC_WARN_64_TO_32_BIT_CONVERSION = YES;
				GCC_WARN_ABOUT_RETURN_TYPE = YES_ERROR;
				GCC_WARN_UNDECLARED_SELECTOR = YES;
				GCC_WARN_UNINITIALIZED_AUTOS = YES_AGGRESSIVE;
				GCC_WARN_UNUSED_FUNCTION = YES;
				GCC_WARN_UNUSED_VARIABLE = YES;
				IPHONEOS_DEPLOYMENT_TARGET = 18.1;
				LOCALIZATION_PREFERS_STRING_CATALOGS = YES;
				MTL_ENABLE_DEBUG_INFO = NO;
				MTL_FAST_MATH = YES;
				SDKROOT = iphoneos;
				SWIFT_COMPILATION_MODE = wholemodule;
				VALIDATE_PRODUCT = YES;
			};
			name = Release;
		};
		98C4E3022D00409A00F1A36A /* Debug */ = {
			isa = XCBuildConfiguration;
			buildSettings = {
				BUNDLE_LOADER = "$(TEST_HOST)";
				CODE_SIGN_STYLE = Automatic;
				CURRENT_PROJECT_VERSION = 1;
				GENERATE_INFOPLIST_FILE = YES;
				IPHONEOS_DEPLOYMENT_TARGET = 18.1;
				MARKETING_VERSION = 1.0;
				PRODUCT_BUNDLE_IDENTIFIER = test.TSLReaderTests;
				PRODUCT_NAME = "$(TARGET_NAME)";
				SWIFT_EMIT_LOC_STRINGS = NO;
				SWIFT_VERSION = 5.0;
				TARGETED_DEVICE_FAMILY = "1,2";
				TEST_HOST = "$(BUILT_PRODUCTS_DIR)/TSLReader.app/$(BUNDLE_EXECUTABLE_FOLDER_PATH)/TSLReader";
			};
			name = Debug;
		};
		98C4E3032D00409A00F1A36A /* Release */ = {
			isa = XCBuildConfiguration;
			buildSettings = {
				BUNDLE_LOADER = "$(TEST_HOST)";
				CODE_SIGN_STYLE = Automatic;
				CURRENT_PROJECT_VERSION = 1;
				GENERATE_INFOPLIST_FILE = YES;
				IPHONEOS_DEPLOYMENT_TARGET = 18.1;
				MARKETING_VERSION = 1.0;
				PRODUCT_BUNDLE_IDENTIFIER = test.TSLReaderTests;
				PRODUCT_NAME = "$(TARGET_NAME)";
				SWIFT_EMIT_LOC_STRINGS = NO;
				SWIFT_VERSION = 5.0;
				TARGETED_DEVICE_FAMILY = "1,2";
				TEST_HOST = "$(BUILT_PRODUCTS_DIR)/TSLReader.app/$(BUNDLE_EXECUTABLE_FOLDER_PATH)/TSLReader";
			};
			name = Release;
		};
		98C4E3052D00409A00F1A36A /* Debug */ = {
			isa = XCBuildConfiguration;
			buildSettings = {
				CODE_SIGN_STYLE = Automatic;
				CURRENT_PROJECT_VERSION = 1;
				GENERATE_INFOPLIST_FILE = YES;
				MARKETING_VERSION = 1.0;
				PRODUCT_BUNDLE_IDENTIFIER = test.TSLReaderUITests;
				PRODUCT_NAME = "$(TARGET_NAME)";
				SWIFT_EMIT_LOC_STRINGS = NO;
				SWIFT_VERSION = 5.0;
				TARGETED_DEVICE_FAMILY = "1,2";
				TEST_TARGET_NAME = TSLReader;
			};
			name = Debug;
		};
		98C4E3062D00409A00F1A36A /* Release */ = {
			isa = XCBuildConfiguration;
			buildSettings = {
				CODE_SIGN_STYLE = Automatic;
				CURRENT_PROJECT_VERSION = 1;
				GENERATE_INFOPLIST_FILE = YES;
				MARKETING_VERSION = 1.0;
				PRODUCT_BUNDLE_IDENTIFIER = test.TSLReaderUITests;
				PRODUCT_NAME = "$(TARGET_NAME)";
				SWIFT_EMIT_LOC_STRINGS = NO;
				SWIFT_VERSION = 5.0;
				TARGETED_DEVICE_FAMILY = "1,2";
				TEST_TARGET_NAME = TSLReader;
			};
			name = Release;
		};
/* End XCBuildConfiguration section */

/* Begin XCConfigurationList section */
		98C4E2CE2D00409800F1A36A /* Build configuration list for PBXProject "TSLReader" */ = {
			isa = XCConfigurationList;
			buildConfigurations = (
				98C4E2FF2D00409A00F1A36A /* Debug */,
				98C4E3002D00409A00F1A36A /* Release */,
			);
			defaultConfigurationIsVisible = 0;
			defaultConfigurationName = Release;
		};
		98C4E2FC2D00409A00F1A36A /* Build configuration list for PBXNativeTarget "TSLReader" */ = {
			isa = XCConfigurationList;
			buildConfigurations = (
				98C4E2FD2D00409A00F1A36A /* Debug */,
				98C4E2FE2D00409A00F1A36A /* Release */,
			);
			defaultConfigurationIsVisible = 0;
			defaultConfigurationName = Release;
		};
		98C4E3012D00409A00F1A36A /* Build configuration list for PBXNativeTarget "TSLReaderTests" */ = {
			isa = XCConfigurationList;
			buildConfigurations = (
				98C4E3022D00409A00F1A36A /* Debug */,
				98C4E3032D00409A00F1A36A /* Release */,
			);
			defaultConfigurationIsVisible = 0;
			defaultConfigurationName = Release;
		};
		98C4E3042D00409A00F1A36A /* Build configuration list for PBXNativeTarget "TSLReaderUITests" */ = {
			isa = XCConfigurationList;
			buildConfigurations = (
				98C4E3052D00409A00F1A36A /* Debug */,
				98C4E3062D00409A00F1A36A /* Release */,
			);
			defaultConfigurationIsVisible = 0;
			defaultConfigurationName = Release;
		};
/* End XCConfigurationList section */
	};
	rootObject = 98C4E2CB2D00409800F1A36A /* Project object */;
}
